// !$*UTF8*$!
{
	archiveVersion = 1;
	classes = {
	};
	objectVersion = 50;
	objects = {

/* Begin PBXBuildFile section */
		B7D43CC626B9F53A00CC5008 /* AppDelegate.swift in Sources */ = {isa = PBXBuildFile; fileRef = B7D43CC526B9F53A00CC5008 /* AppDelegate.swift */; };
		B7D43CC826B9F53A00CC5008 /* SceneDelegate.swift in Sources */ = {isa = PBXBuildFile; fileRef = B7D43CC726B9F53A00CC5008 /* SceneDelegate.swift */; };
		B7D43CCA26B9F53A00CC5008 /* ViewController.swift in Sources */ = {isa = PBXBuildFile; fileRef = B7D43CC926B9F53A00CC5008 /* ViewController.swift */; };
		B7D43CCD26B9F53A00CC5008 /* Main.storyboard in Resources */ = {isa = PBXBuildFile; fileRef = B7D43CCB26B9F53A00CC5008 /* Main.storyboard */; };
		B7D43CCF26B9F53B00CC5008 /* Assets.xcassets in Resources */ = {isa = PBXBuildFile; fileRef = B7D43CCE26B9F53B00CC5008 /* Assets.xcassets */; };
		B7D43CD226B9F53B00CC5008 /* LaunchScreen.storyboard in Resources */ = {isa = PBXBuildFile; fileRef = B7D43CD026B9F53B00CC5008 /* LaunchScreen.storyboard */; };
		B7D43CDA26C333D000CC5008 /* QuizViewController.swift in Sources */ = {isa = PBXBuildFile; fileRef = B7D43CD926C333D000CC5008 /* QuizViewController.swift */; };
		B7D43CDC26C333EB00CC5008 /* ResultViewController.swift in Sources */ = {isa = PBXBuildFile; fileRef = B7D43CDB26C333EB00CC5008 /* ResultViewController.swift */; };
		B7D43CDE26C336D200CC5008 /* Quiz.swift in Sources */ = {isa = PBXBuildFile; fileRef = B7D43CDD26C336D200CC5008 /* Quiz.swift */; };
		B7D43CE026C336FC00CC5008 /* QuizManager.swift in Sources */ = {isa = PBXBuildFile; fileRef = B7D43CDF26C336FC00CC5008 /* QuizManager.swift */; };
/* End PBXBuildFile section */

/* Begin PBXFileReference section */
		B7D43CC226B9F53A00CC5008 /* Quiz.app */ = {isa = PBXFileReference; explicitFileType = wrapper.application; includeInIndex = 0; path = Quiz.app; sourceTree = BUILT_PRODUCTS_DIR; };
		B7D43CC526B9F53A00CC5008 /* AppDelegate.swift */ = {isa = PBXFileReference; lastKnownFileType = sourcecode.swift; path = AppDelegate.swift; sourceTree = "<group>"; };
		B7D43CC726B9F53A00CC5008 /* SceneDelegate.swift */ = {isa = PBXFileReference; lastKnownFileType = sourcecode.swift; path = SceneDelegate.swift; sourceTree = "<group>"; };
		B7D43CC926B9F53A00CC5008 /* ViewController.swift */ = {isa = PBXFileReference; lastKnownFileType = sourcecode.swift; path = ViewController.swift; sourceTree = "<group>"; };
		B7D43CCC26B9F53A00CC5008 /* Base */ = {isa = PBXFileReference; lastKnownFileType = file.storyboard; name = Base; path = Base.lproj/Main.storyboard; sourceTree = "<group>"; };
		B7D43CCE26B9F53B00CC5008 /* Assets.xcassets */ = {isa = PBXFileReference; lastKnownFileType = folder.assetcatalog; path = Assets.xcassets; sourceTree = "<group>"; };
		B7D43CD126B9F53B00CC5008 /* Base */ = {isa = PBXFileReference; lastKnownFileType = file.storyboard; name = Base; path = Base.lproj/LaunchScreen.storyboard; sourceTree = "<group>"; };
		B7D43CD326B9F53B00CC5008 /* Info.plist */ = {isa = PBXFileReference; lastKnownFileType = text.plist.xml; path = Info.plist; sourceTree = "<group>"; };
		B7D43CD926C333D000CC5008 /* QuizViewController.swift */ = {isa = PBXFileReference; lastKnownFileType = sourcecode.swift; path = QuizViewController.swift; sourceTree = "<group>"; };
		B7D43CDB26C333EB00CC5008 /* ResultViewController.swift */ = {isa = PBXFileReference; lastKnownFileType = sourcecode.swift; path = ResultViewController.swift; sourceTree = "<group>"; };
		B7D43CDD26C336D200CC5008 /* Quiz.swift */ = {isa = PBXFileReference; lastKnownFileType = sourcecode.swift; path = Quiz.swift; sourceTree = "<group>"; };
		B7D43CDF26C336FC00CC5008 /* QuizManager.swift */ = {isa = PBXFileReference; lastKnownFileType = sourcecode.swift; path = QuizManager.swift; sourceTree = "<group>"; };
/* End PBXFileReference section */

/* Begin PBXFrameworksBuildPhase section */
		B7D43CBF26B9F53A00CC5008 /* Frameworks */ = {
			isa = PBXFrameworksBuildPhase;
			buildActionMask = 2147483647;
			files = (
			);
			runOnlyForDeploymentPostprocessing = 0;
		};
/* End PBXFrameworksBuildPhase section */

/* Begin PBXGroup section */
		B7D43CB926B9F53A00CC5008 = {
			isa = PBXGroup;
			children = (
				B7D43CC426B9F53A00CC5008 /* Quiz */,
				B7D43CC326B9F53A00CC5008 /* Products */,
			);
			sourceTree = "<group>";
		};
		B7D43CC326B9F53A00CC5008 /* Products */ = {
			isa = PBXGroup;
			children = (
				B7D43CC226B9F53A00CC5008 /* Quiz.app */,
			);
			name = Products;
			sourceTree = "<group>";
		};
		B7D43CC426B9F53A00CC5008 /* Quiz */ = {
			isa = PBXGroup;
			children = (
				B7D43CC526B9F53A00CC5008 /* AppDelegate.swift */,
				B7D43CC726B9F53A00CC5008 /* SceneDelegate.swift */,
				B7D43CC926B9F53A00CC5008 /* ViewController.swift */,
				B7D43CCB26B9F53A00CC5008 /* Main.storyboard */,
				B7D43CD926C333D000CC5008 /* QuizViewController.swift */,
				B7D43CDB26C333EB00CC5008 /* ResultViewController.swift */,
				B7D43CDD26C336D200CC5008 /* Quiz.swift */,
				B7D43CDF26C336FC00CC5008 /* QuizManager.swift */,
				B7D43CCE26B9F53B00CC5008 /* Assets.xcassets */,
				B7D43CD026B9F53B00CC5008 /* LaunchScreen.storyboard */,
				B7D43CD326B9F53B00CC5008 /* Info.plist */,
			);
			path = Quiz;
			sourceTree = "<group>";
		};
/* End PBXGroup section */

/* Begin PBXNativeTarget section */
		B7D43CC126B9F53A00CC5008 /* Quiz */ = {
			isa = PBXNativeTarget;
			buildConfigurationList = B7D43CD626B9F53C00CC5008 /* Build configuration list for PBXNativeTarget "Quiz" */;
			buildPhases = (
				B7D43CBE26B9F53A00CC5008 /* Sources */,
				B7D43CBF26B9F53A00CC5008 /* Frameworks */,
				B7D43CC026B9F53A00CC5008 /* Resources */,
			);
			buildRules = (
			);
			dependencies = (
			);
			name = Quiz;
			productName = Quiz;
			productReference = B7D43CC226B9F53A00CC5008 /* Quiz.app */;
			productType = "com.apple.product-type.application";
		};
/* End PBXNativeTarget section */

/* Begin PBXProject section */
		B7D43CBA26B9F53A00CC5008 /* Project object */ = {
			isa = PBXProject;
			attributes = {
				LastSwiftUpdateCheck = 1250;
				LastUpgradeCheck = 1250;
				TargetAttributes = {
					B7D43CC126B9F53A00CC5008 = {
						CreatedOnToolsVersion = 12.5.1;
					};
				};
			};
			buildConfigurationList = B7D43CBD26B9F53A00CC5008 /* Build configuration list for PBXProject "Quiz" */;
			compatibilityVersion = "Xcode 9.3";
			developmentRegion = en;
			hasScannedForEncodings = 0;
			knownRegions = (
				en,
				Base,
			);
			mainGroup = B7D43CB926B9F53A00CC5008;
			productRefGroup = B7D43CC326B9F53A00CC5008 /* Products */;
			projectDirPath = "";
			projectRoot = "";
			targets = (
				B7D43CC126B9F53A00CC5008 /* Quiz */,
			);
		};
/* End PBXProject section */

/* Begin PBXResourcesBuildPhase section */
		B7D43CC026B9F53A00CC5008 /* Resources */ = {
			isa = PBXResourcesBuildPhase;
			buildActionMask = 2147483647;
			files = (
				B7D43CD226B9F53B00CC5008 /* LaunchScreen.storyboard in Resources */,
				B7D43CCF26B9F53B00CC5008 /* Assets.xcassets in Resources */,
				B7D43CCD26B9F53A00CC5008 /* Main.storyboard in Resources */,
			);
			runOnlyForDeploymentPostprocessing = 0;
		};
/* End PBXResourcesBuildPhase section */

/* Begin PBXSourcesBuildPhase section */
		B7D43CBE26B9F53A00CC5008 /* Sources */ = {
			isa = PBXSourcesBuildPhase;
			buildActionMask = 2147483647;
			files = (
				B7D43CDC26C333EB00CC5008 /* ResultViewController.swift in Sources */,
				B7D43CCA26B9F53A00CC5008 /* ViewController.swift in Sources */,
				B7D43CDE26C336D200CC5008 /* Quiz.swift in Sources */,
				B7D43CE026C336FC00CC5008 /* QuizManager.swift in Sources */,
				B7D43CC626B9F53A00CC5008 /* AppDelegate.swift in Sources */,
				B7D43CC826B9F53A00CC5008 /* SceneDelegate.swift in Sources */,
				B7D43CDA26C333D000CC5008 /* QuizViewController.swift in Sources */,
			);
			runOnlyForDeploymentPostprocessing = 0;
		};
/* End PBXSourcesBuildPhase section */

/* Begin PBXVariantGroup section */
		B7D43CCB26B9F53A00CC5008 /* Main.storyboard */ = {
			isa = PBXVariantGroup;
			children = (
				B7D43CCC26B9F53A00CC5008 /* Base */,
			);
			name = Main.storyboard;
			sourceTree = "<group>";
		};
		B7D43CD026B9F53B00CC5008 /* LaunchScreen.storyboard */ = {
			isa = PBXVariantGroup;
			children = (
				B7D43CD126B9F53B00CC5008 /* Base */,
			);
			name = LaunchScreen.storyboard;
			sourceTree = "<group>";
		};
/* End PBXVariantGroup section */

/* Begin XCBuildConfiguration section */
		B7D43CD426B9F53B00CC5008 /* Debug */ = {
			isa = XCBuildConfiguration;
			buildSettings = {
				ALWAYS_SEARCH_USER_PATHS = NO;
				CLANG_ANALYZER_NONNULL = YES;
				CLANG_ANALYZER_NUMBER_OBJECT_CONVERSION = YES_AGGRESSIVE;
				CLANG_CXX_LANGUAGE_STANDARD = "gnu++14";
				CLANG_CXX_LIBRARY = "libc++";
				CLANG_ENABLE_MODULES = YES;
				CLANG_ENABLE_OBJC_ARC = YES;
				CLANG_ENABLE_OBJC_WEAK = YES;
				CLANG_WARN_BLOCK_CAPTURE_AUTORELEASING = YES;
				CLANG_WARN_BOOL_CONVERSION = YES;
				CLANG_WARN_COMMA = YES;
				CLANG_WARN_CONSTANT_CONVERSION = YES;
				CLANG_WARN_DEPRECATED_OBJC_IMPLEMENTATIONS = YES;
				CLANG_WARN_DIRECT_OBJC_ISA_USAGE = YES_ERROR;
				CLANG_WARN_DOCUMENTATION_COMMENTS = YES;
				CLANG_WARN_EMPTY_BODY = YES;
				CLANG_WARN_ENUM_CONVERSION = YES;
				CLANG_WARN_INFINITE_RECURSION = YES;
				CLANG_WARN_INT_CONVERSION = YES;
				CLANG_WARN_NON_LITERAL_NULL_CONVERSION = YES;
				CLANG_WARN_OBJC_IMPLICIT_RETAIN_SELF = YES;
				CLANG_WARN_OBJC_LITERAL_CONVERSION = YES;
				CLANG_WARN_OBJC_ROOT_CLASS = YES_ERROR;
				CLANG_WARN_QUOTED_INCLUDE_IN_FRAMEWORK_HEADER = YES;
				CLANG_WARN_RANGE_LOOP_ANALYSIS = YES;
				CLANG_WARN_STRICT_PROTOTYPES = YES;
				CLANG_WARN_SUSPICIOUS_MOVE = YES;
				CLANG_WARN_UNGUARDED_AVAILABILITY = YES_AGGRESSIVE;
				CLANG_WARN_UNREACHABLE_CODE = YES;
				CLANG_WARN__DUPLICATE_METHOD_MATCH = YES;
				COPY_PHASE_STRIP = NO;
				DEBUG_INFORMATION_FORMAT = dwarf;
				ENABLE_STRICT_OBJC_MSGSEND = YES;
				ENABLE_TESTABILITY = YES;
				GCC_C_LANGUAGE_STANDARD = gnu11;
				GCC_DYNAMIC_NO_PIC = NO;
				GCC_NO_COMMON_BLOCKS = YES;
				GCC_OPTIMIZATION_LEVEL = 0;
				GCC_PREPROCESSOR_DEFINITIONS = (
					"DEBUG=1",
					"$(inherited)",
				);
				GCC_WARN_64_TO_32_BIT_CONVERSION = YES;
				GCC_WARN_ABOUT_RETURN_TYPE = YES_ERROR;
				GCC_WARN_UNDECLARED_SELECTOR = YES;
				GCC_WARN_UNINITIALIZED_AUTOS = YES_AGGRESSIVE;
				GCC_WARN_UNUSED_FUNCTION = YES;
				GCC_WARN_UNUSED_VARIABLE = YES;
				IPHONEOS_DEPLOYMENT_TARGET = 14.5;
				MTL_ENABLE_DEBUG_INFO = INCLUDE_SOURCE;
				MTL_FAST_MATH = YES;
				ONLY_ACTIVE_ARCH = YES;
				SDKROOT = iphoneos;
				SWIFT_ACTIVE_COMPILATION_CONDITIONS = DEBUG;
				SWIFT_OPTIMIZATION_LEVEL = "-Onone";
			};
			name = Debug;
		};
		B7D43CD526B9F53B00CC5008 /* Release */ = {
			isa = XCBuildConfiguration;
			buildSettings = {
				ALWAYS_SEARCH_USER_PATHS = NO;
				CLANG_ANALYZER_NONNULL = YES;
				CLANG_ANALYZER_NUMBER_OBJECT_CONVERSION = YES_AGGRESSIVE;
				CLANG_CXX_LANGUAGE_STANDARD = "gnu++14";
				CLANG_CXX_LIBRARY = "libc++";
				CLANG_ENABLE_MODULES = YES;
				CLANG_ENABLE_OBJC_ARC = YES;
				CLANG_ENABLE_OBJC_WEAK = YES;
				CLANG_WARN_BLOCK_CAPTURE_AUTORELEASING = YES;
				CLANG_WARN_BOOL_CONVERSION = YES;
				CLANG_WARN_COMMA = YES;
				CLANG_WARN_CONSTANT_CONVERSION = YES;
				CLANG_WARN_DEPRECATED_OBJC_IMPLEMENTATIONS = YES;
				CLANG_WARN_DIRECT_OBJC_ISA_USAGE = YES_ERROR;
				CLANG_WARN_DOCUMENTATION_COMMENTS = YES;
				CLANG_WARN_EMPTY_BODY = YES;
				CLANG_WARN_ENUM_CONVERSION = YES;
				CLANG_WARN_INFINITE_RECURSION = YES;
				CLANG_WARN_INT_CONVERSION = YES;
				CLANG_WARN_NON_LITERAL_NULL_CONVERSION = YES;
				CLANG_WARN_OBJC_IMPLICIT_RETAIN_SELF = YES;
				CLANG_WARN_OBJC_LITERAL_CONVERSION = YES;
				CLANG_WARN_OBJC_ROOT_CLASS = YES_ERROR;
				CLANG_WARN_QUOTED_INCLUDE_IN_FRAMEWORK_HEADER = YES;
				CLANG_WARN_RANGE_LOOP_ANALYSIS = YES;
				CLANG_WARN_STRICT_PROTOTYPES = YES;
				CLANG_WARN_SUSPICIOUS_MOVE = YES;
				CLANG_WARN_UNGUARDED_AVAILABILITY = YES_AGGRESSIVE;
				CLANG_WARN_UNREACHABLE_CODE = YES;
				CLANG_WARN__DUPLICATE_METHOD_MATCH = YES;
				COPY_PHASE_STRIP = NO;
				DEBUG_INFORMATION_FORMAT = "dwarf-with-dsym";
				ENABLE_NS_ASSERTIONS = NO;
				ENABLE_STRICT_OBJC_MSGSEND = YES;
				GCC_C_LANGUAGE_STANDARD = gnu11;
				GCC_NO_COMMON_BLOCKS = YES;
				GCC_WARN_64_TO_32_BIT_CONVERSION = YES;
				GCC_WARN_ABOUT_RETURN_TYPE = YES_ERROR;
				GCC_WARN_UNDECLARED_SELECTOR = YES;
				GCC_WARN_UNINITIALIZED_AUTOS = YES_AGGRESSIVE;
				GCC_WARN_UNUSED_FUNCTION = YES;
				GCC_WARN_UNUSED_VARIABLE = YES;
				IPHONEOS_DEPLOYMENT_TARGET = 14.5;
				MTL_ENABLE_DEBUG_INFO = NO;
				MTL_FAST_MATH = YES;
				SDKROOT = iphoneos;
				SWIFT_COMPILATION_MODE = wholemodule;
				SWIFT_OPTIMIZATION_LEVEL = "-O";
				VALIDATE_PRODUCT = YES;
			};
			name = Release;
		};
		B7D43CD726B9F53C00CC5008 /* Debug */ = {
			isa = XCBuildConfiguration;
			buildSettings = {
				ASSETCATALOG_COMPILER_APPICON_NAME = AppIcon;
				ASSETCATALOG_COMPILER_GLOBAL_ACCENT_COLOR_NAME = AccentColor;
				CODE_SIGN_STYLE = Automatic;
				DEVELOPMENT_TEAM = T24BPXCT43;
				INFOPLIST_FILE = Quiz/Info.plist;
				LD_RUNPATH_SEARCH_PATHS = (
					"$(inherited)",
					"@executable_path/Frameworks",
				);
				PRODUCT_BUNDLE_IDENTIFIER = "Amanda-Costa.Quiz";
				PRODUCT_NAME = "$(TARGET_NAME)";
				SWIFT_VERSION = 5.0;
				TARGETED_DEVICE_FAMILY = 1;
			};
			name = Debug;
		};
		B7D43CD826B9F53C00CC5008 /* Release */ = {
			isa = XCBuildConfiguration;
			buildSettings = {
				ASSETCATALOG_COMPILER_APPICON_NAME = AppIcon;
				ASSETCATALOG_COMPILER_GLOBAL_ACCENT_COLOR_NAME = AccentColor;
				CODE_SIGN_STYLE = Automatic;
				DEVELOPMENT_TEAM = T24BPXCT43;
				INFOPLIST_FILE = Quiz/Info.plist;
				LD_RUNPATH_SEARCH_PATHS = (
					"$(inherited)",
					"@executable_path/Frameworks",
				);
				PRODUCT_BUNDLE_IDENTIFIER = "Amanda-Costa.Quiz";
				PRODUCT_NAME = "$(TARGET_NAME)";
				SWIFT_VERSION = 5.0;
				TARGETED_DEVICE_FAMILY = 1;
			};
			name = Release;
		};
/* End XCBuildConfiguration section */

/* Begin XCConfigurationList section */
		B7D43CBD26B9F53A00CC5008 /* Build configuration list for PBXProject "Quiz" */ = {
			isa = XCConfigurationList;
			buildConfigurations = (
				B7D43CD426B9F53B00CC5008 /* Debug */,
				B7D43CD526B9F53B00CC5008 /* Release */,
			);
			defaultConfigurationIsVisible = 0;
			defaultConfigurationName = Release;
		};
		B7D43CD626B9F53C00CC5008 /* Build configuration list for PBXNativeTarget "Quiz" */ = {
			isa = XCConfigurationList;
			buildConfigurations = (
				B7D43CD726B9F53C00CC5008 /* Debug */,
				B7D43CD826B9F53C00CC5008 /* Release */,
			);
			defaultConfigurationIsVisible = 0;
			defaultConfigurationName = Release;
		};
/* End XCConfigurationList section */
	};
	rootObject = B7D43CBA26B9F53A00CC5008 /* Project object */;
}
